<?xml version="1.0" encoding="utf-8"?>
<Project ToolsVersion="4.0" xmlns="http://schemas.microsoft.com/developer/msbuild/2003">
  <ItemGroup>
    <Filter Include="ソース ファイル">
      <UniqueIdentifier>{4FC737F1-C7A5-4376-A066-2A32D752A2FF}</UniqueIdentifier>
      <Extensions>cpp;c;cc;cxx;def;odl;idl;hpj;bat;asm;asmx</Extensions>
    </Filter>
    <Filter Include="ヘッダー ファイル">
      <UniqueIdentifier>{93995380-89BD-4b04-88EB-625FBE52EBFB}</UniqueIdentifier>
      <Extensions>h;hh;hpp;hxx;hm;inl;inc;xsd</Extensions>
    </Filter>
    <Filter Include="リソース ファイル">
      <UniqueIdentifier>{67DA6AB6-F800-4c08-8B7A-83BB121AAD01}</UniqueIdentifier>
      <Extensions>rc;ico;cur;bmp;dlg;rc2;rct;bin;rgs;gif;jpg;jpeg;jpe;resx;tiff;tif;png;wav;mfcribbon-ms</Extensions>
    </Filter>
    <Filter Include="ソース ファイル\Other">
      <UniqueIdentifier>{25d0eeb1-6a85-4c03-9685-3fe89f6d2178}</UniqueIdentifier>
    </Filter>
    <Filter Include="ヘッダー ファイル\Other">
      <UniqueIdentifier>{83d21f2f-f3de-40b7-8216-e79c8cb577fa}</UniqueIdentifier>
    </Filter>
    <Filter Include="ソース ファイル\Mode">
      <UniqueIdentifier>{c2d0eed5-2aca-4430-ba77-f5635eceae16}</UniqueIdentifier>
    </Filter>
    <Filter Include="ヘッダー ファイル\Mode">
      <UniqueIdentifier>{4a15c9f5-c9af-42d7-8227-abc77ec1bc18}</UniqueIdentifier>
    </Filter>
    <Filter Include="ソース ファイル\Character">
      <UniqueIdentifier>{6f3a4017-7dda-44b6-99b4-11d8f332eeb1}</UniqueIdentifier>
    </Filter>
    <Filter Include="ヘッダー ファイル\Character">
      <UniqueIdentifier>{a337311f-8ce1-4ff2-9d0f-f60ad25b3cc6}</UniqueIdentifier>
    </Filter>
    <Filter Include="ソース ファイル\Effect">
      <UniqueIdentifier>{2f29ded1-1adf-4742-b0da-a1ccdbd0e65c}</UniqueIdentifier>
    </Filter>
    <Filter Include="ヘッダー ファイル\Effect">
      <UniqueIdentifier>{e002f306-7ab5-4f38-a5ce-a5489eab45e8}</UniqueIdentifier>
    </Filter>
    <Filter Include="ソース ファイル\Object">
      <UniqueIdentifier>{d28b8868-7ec9-428b-87bf-f598e8ea0c9c}</UniqueIdentifier>
    </Filter>
    <Filter Include="ヘッダー ファイル\Object">
      <UniqueIdentifier>{4ea8b828-3e31-4e12-b717-53b67495c1e3}</UniqueIdentifier>
    </Filter>
    <Filter Include="ソース ファイル\Attack">
      <UniqueIdentifier>{a7e2fea7-7cee-4b19-b862-075365cd5895}</UniqueIdentifier>
    </Filter>
    <Filter Include="ヘッダー ファイル\Attack">
      <UniqueIdentifier>{3d95604e-1df7-4f82-8263-274501181dbb}</UniqueIdentifier>
    </Filter>
    <Filter Include="ソース ファイル\UserInterface">
      <UniqueIdentifier>{ef15bfff-7fee-423c-bc81-ac1763a6d18c}</UniqueIdentifier>
    </Filter>
    <Filter Include="ヘッダー ファイル\UserInterface">
      <UniqueIdentifier>{78796218-5deb-4b31-95a5-83b45a1fd08e}</UniqueIdentifier>
    </Filter>
    <Filter Include="ソース ファイル\BackGround">
      <UniqueIdentifier>{cfe6789a-76f4-4c6a-8213-1e44067efd39}</UniqueIdentifier>
    </Filter>
    <Filter Include="ヘッダー ファイル\BackGround">
      <UniqueIdentifier>{1da4b500-6832-4f27-91ba-8f5d12cef3e6}</UniqueIdentifier>
    </Filter>
    <Filter Include="ヘッダー ファイル\Item">
      <UniqueIdentifier>{99746d9e-afff-41cf-bd08-31233a49671e}</UniqueIdentifier>
    </Filter>
    <Filter Include="ソース ファイル\Item">
      <UniqueIdentifier>{10fb63fa-9824-47e3-b8e5-5607974112ed}</UniqueIdentifier>
    </Filter>
    <Filter Include="ソース ファイル\System">
      <UniqueIdentifier>{e1c24985-2c0d-4334-b3b2-0bff9eff75e1}</UniqueIdentifier>
    </Filter>
    <Filter Include="ヘッダー ファイル\System">
      <UniqueIdentifier>{5908fa6b-975f-4a0b-86e1-676ae3d80e7a}</UniqueIdentifier>
    </Filter>
  </ItemGroup>
  <ItemGroup>
    <ClCompile Include="camera.cpp">
      <Filter>ソース ファイル\Other</Filter>
    </ClCompile>
    <ClCompile Include="chunk.cpp">
      <Filter>ソース ファイル\Other</Filter>
    </ClCompile>
    <ClCompile Include="input.cpp">
      <Filter>ソース ファイル\Other</Filter>
    </ClCompile>
    <ClCompile Include="light.cpp">
      <Filter>ソース ファイル\Other</Filter>
    </ClCompile>
    <ClCompile Include="physics.cpp">
      <Filter>ソース ファイル\Other</Filter>
    </ClCompile>
    <ClCompile Include="polygon2D.cpp">
      <Filter>ソース ファイル\Other</Filter>
    </ClCompile>
    <ClCompile Include="polygon3D.cpp">
      <Filter>ソース ファイル\Other</Filter>
    </ClCompile>
    <ClCompile Include="setting.cpp">
      <Filter>ソース ファイル\Other</Filter>
    </ClCompile>
    <ClCompile Include="sound.cpp">
      <Filter>ソース ファイル\Other</Filter>
    </ClCompile>
    <ClCompile Include="fade.cpp">
      <Filter>ソース ファイル\Other</Filter>
    </ClCompile>
    <ClCompile Include="object.cpp">
      <Filter>ソース ファイル\Object</Filter>
    </ClCompile>
    <ClCompile Include="character.cpp">
      <Filter>ソース ファイル\Character</Filter>
    </ClCompile>
    <ClCompile Include="main.cpp">
      <Filter>ソース ファイル</Filter>
    </ClCompile>
    <ClCompile Include="text.cpp">
      <Filter>ソース ファイル\Other</Filter>
    </ClCompile>
    <ClCompile Include="effect.cpp">
      <Filter>ソース ファイル\Effect</Filter>
    </ClCompile>
    <ClCompile Include="attack.cpp">
      <Filter>ソース ファイル\Attack</Filter>
    </ClCompile>
    <ClCompile Include="md_title_00.cpp">
      <Filter>ソース ファイル\Mode</Filter>
    </ClCompile>
    <ClCompile Include="item.cpp">
      <Filter>ソース ファイル\Item</Filter>
    </ClCompile>
    <ClCompile Include="specific.cpp">
      <Filter>ソース ファイル\Other</Filter>
    </ClCompile>
    <ClCompile Include="system.cpp">
      <Filter>ソース ファイル\System</Filter>
    </ClCompile>
    <ClCompile Include="color.cpp">
      <Filter>ソース ファイル\Other</Filter>
    </ClCompile>
    <ClCompile Include="md_game_00.cpp">
      <Filter>ソース ファイル\Mode</Filter>
    </ClCompile>
    <ClCompile Include="bg_title_00.cpp">
      <Filter>ソース ファイル\BackGround</Filter>
    </ClCompile>
    <ClCompile Include="back-ground.cpp">
      <Filter>ソース ファイル\BackGround</Filter>
    </ClCompile>
    <ClCompile Include="user-interface.cpp">
      <Filter>ソース ファイル\UserInterface</Filter>
    </ClCompile>
    <ClCompile Include="ui_title-logo_00.cpp">
      <Filter>ソース ファイル\UserInterface</Filter>
    </ClCompile>
    <ClCompile Include="bg_result_00.cpp">
      <Filter>ソース ファイル\BackGround</Filter>
    </ClCompile>
    <ClCompile Include="sys_ranking_00.cpp">
      <Filter>ソース ファイル\System</Filter>
    </ClCompile>
    <ClCompile Include="md_result_00.cpp">
      <Filter>ソース ファイル\Mode</Filter>
    </ClCompile>
    <ClCompile Include="mode.cpp">
      <Filter>ソース ファイル\Mode</Filter>
    </ClCompile>
    <ClCompile Include="md_tutorial_00.cpp">
      <Filter>ソース ファイル\Mode</Filter>
    </ClCompile>
    <ClCompile Include="bg_tutorial_00.cpp">
      <Filter>ソース ファイル\BackGround</Filter>
    </ClCompile>
    <ClCompile Include="player.cpp">
      <Filter>ソース ファイル</Filter>
    </ClCompile>
    <ClCompile Include="chr_enemy_00.cpp">
      <Filter>ソース ファイル</Filter>
    </ClCompile>
    <ClCompile Include="bg_result_01.cpp">
      <Filter>ソース ファイル</Filter>
    </ClCompile>
    <ClCompile Include="ui_move-text_00.cpp">
      <Filter>ソース ファイル</Filter>
    </ClCompile>
    <ClCompile Include="bg_game_00.cpp">
      <Filter>ソース ファイル</Filter>
    </ClCompile>
    <ClCompile Include="obj_castle_00.cpp">
      <Filter>ソース ファイル</Filter>
    </ClCompile>
    <ClCompile Include="ui_life_000.cpp">
      <Filter>ソース ファイル</Filter>
    </ClCompile>
    <ClCompile Include="obj_castle_01.cpp">
      <Filter>ソース ファイル</Filter>
    </ClCompile>
    <ClCompile Include="eff_light_00.cpp">
      <Filter>ソース ファイル</Filter>
    </ClCompile>
    <ClCompile Include="eff_particle_00.cpp">
      <Filter>ソース ファイル</Filter>
    </ClCompile>
  </ItemGroup>
  <ItemGroup>
    <ClInclude Include="camera.h">
      <Filter>ヘッダー ファイル\Other</Filter>
    </ClInclude>
    <ClInclude Include="chunk.h">
      <Filter>ヘッダー ファイル\Other</Filter>
    </ClInclude>
    <ClInclude Include="input.h">
      <Filter>ヘッダー ファイル\Other</Filter>
    </ClInclude>
    <ClInclude Include="light.h">
      <Filter>ヘッダー ファイル\Other</Filter>
    </ClInclude>
    <ClInclude Include="physics.h">
      <Filter>ヘッダー ファイル\Other</Filter>
    </ClInclude>
    <ClInclude Include="polygon2D.h">
      <Filter>ヘッダー ファイル\Other</Filter>
    </ClInclude>
    <ClInclude Include="polygon3D.h">
      <Filter>ヘッダー ファイル\Other</Filter>
    </ClInclude>
    <ClInclude Include="setting.h">
      <Filter>ヘッダー ファイル\Other</Filter>
    </ClInclude>
    <ClInclude Include="sound.h">
      <Filter>ヘッダー ファイル\Other</Filter>
    </ClInclude>
    <ClInclude Include="fade.h">
      <Filter>ヘッダー ファイル\Other</Filter>
    </ClInclude>
    <ClInclude Include="character.h">
      <Filter>ヘッダー ファイル\Character</Filter>
    </ClInclude>
    <ClInclude Include="object.h">
      <Filter>ヘッダー ファイル\Object</Filter>
    </ClInclude>
    <ClInclude Include="main.h">
      <Filter>ヘッダー ファイル</Filter>
    </ClInclude>
    <ClInclude Include="text.h">
      <Filter>ヘッダー ファイル\Other</Filter>
    </ClInclude>
    <ClInclude Include="effect.h">
      <Filter>ヘッダー ファイル\Effect</Filter>
    </ClInclude>
    <ClInclude Include="attack.h">
      <Filter>ヘッダー ファイル\Attack</Filter>
    </ClInclude>
    <ClInclude Include="md_title_00.h">
      <Filter>ヘッダー ファイル\Mode</Filter>
    </ClInclude>
    <ClInclude Include="item.h">
      <Filter>ヘッダー ファイル\Item</Filter>
    </ClInclude>
    <ClInclude Include="specific.h">
      <Filter>ヘッダー ファイル\Other</Filter>
    </ClInclude>
    <ClInclude Include="system.h">
      <Filter>ヘッダー ファイル\System</Filter>
    </ClInclude>
    <ClInclude Include="color.h">
      <Filter>ヘッダー ファイル\Other</Filter>
    </ClInclude>
    <ClInclude Include="md_game_00.h">
      <Filter>ヘッダー ファイル\Mode</Filter>
    </ClInclude>
    <ClInclude Include="bg_title_00.h">
      <Filter>ヘッダー ファイル\BackGround</Filter>
    </ClInclude>
    <ClInclude Include="back-ground.h">
      <Filter>ヘッダー ファイル\BackGround</Filter>
    </ClInclude>
    <ClInclude Include="user-interface.h">
      <Filter>ヘッダー ファイル\UserInterface</Filter>
    </ClInclude>
    <ClInclude Include="ui_title-logo_00.h">
      <Filter>ヘッダー ファイル\UserInterface</Filter>
    </ClInclude>
    <ClInclude Include="bg_result_00.h">
      <Filter>ヘッダー ファイル\BackGround</Filter>
    </ClInclude>
    <ClInclude Include="sys_ranking_00.h">
      <Filter>ヘッダー ファイル\System</Filter>
    </ClInclude>
    <ClInclude Include="md_result_00.h">
      <Filter>ヘッダー ファイル\Mode</Filter>
    </ClInclude>
    <ClInclude Include="mode.h">
      <Filter>ヘッダー ファイル\Mode</Filter>
    </ClInclude>
    <ClInclude Include="md_tutorial_00.h">
      <Filter>ヘッダー ファイル\Mode</Filter>
    </ClInclude>
    <ClInclude Include="bg_tutorial_00.h">
      <Filter>ヘッダー ファイル\BackGround</Filter>
    </ClInclude>
    <ClInclude Include="player.h">
      <Filter>ヘッダー ファイル</Filter>
    </ClInclude>
    <ClInclude Include="chr_enemy_00.h">
      <Filter>ヘッダー ファイル</Filter>
    </ClInclude>
    <ClInclude Include="bg_result_01.h">
      <Filter>ヘッダー ファイル</Filter>
    </ClInclude>
    <ClInclude Include="ui_move-text_00.h">
      <Filter>ヘッダー ファイル</Filter>
    </ClInclude>
    <ClInclude Include="bg_game_00.h">
      <Filter>ヘッダー ファイル</Filter>
    </ClInclude>
    <ClInclude Include="obj_castle_00.h">
      <Filter>ヘッダー ファイル</Filter>
    </ClInclude>
    <ClInclude Include="ui_life_000.h">
      <Filter>ヘッダー ファイル</Filter>
    </ClInclude>
    <ClInclude Include="obj_castle_01.h">
      <Filter>ヘッダー ファイル</Filter>
    </ClInclude>
    <ClInclude Include="eff_light_00.h">
      <Filter>ヘッダー ファイル</Filter>
    </ClInclude>
    <ClInclude Include="eff_particle_00.h">
      <Filter>ヘッダー ファイル</Filter>
    </ClInclude>
  </ItemGroup>
</Project>