<?xml version="1.0" encoding="utf-8"?>
<Project ToolsVersion="4.0" xmlns="http://schemas.microsoft.com/developer/msbuild/2003">
  <ItemGroup>
    <Filter Include="ソース ファイル">
      <UniqueIdentifier>{4FC737F1-C7A5-4376-A066-2A32D752A2FF}</UniqueIdentifier>
      <Extensions>cpp;c;cc;cxx;def;odl;idl;hpj;bat;asm;asmx</Extensions>
    </Filter>
    <Filter Include="ヘッダー ファイル">
      <UniqueIdentifier>{93995380-89BD-4b04-88EB-625FBE52EBFB}</UniqueIdentifier>
      <Extensions>h;hh;hpp;hxx;hm;inl;inc;xsd</Extensions>
    </Filter>
    <Filter Include="リソース ファイル">
      <UniqueIdentifier>{67DA6AB6-F800-4c08-8B7A-83BB121AAD01}</UniqueIdentifier>
      <Extensions>rc;ico;cur;bmp;dlg;rc2;rct;bin;rgs;gif;jpg;jpeg;jpe;resx;tiff;tif;png;wav;mfcribbon-ms</Extensions>
    </Filter>
    <Filter Include="ソース ファイル\Attack">
      <UniqueIdentifier>{f64d16d2-ef74-4696-b625-dc28bbb1e936}</UniqueIdentifier>
    </Filter>
    <Filter Include="ソース ファイル\Background">
      <UniqueIdentifier>{e37f1bdd-19ee-45ae-946d-2557d6468dc2}</UniqueIdentifier>
    </Filter>
    <Filter Include="ソース ファイル\Character">
      <UniqueIdentifier>{ea61ff9c-0841-43d4-aeef-5e1b5573f94e}</UniqueIdentifier>
    </Filter>
    <Filter Include="ソース ファイル\Effect">
      <UniqueIdentifier>{a828ca4c-b673-44f5-8a5d-977b5ad06b0f}</UniqueIdentifier>
    </Filter>
    <Filter Include="ソース ファイル\Mode">
      <UniqueIdentifier>{38364376-e3b2-4972-8eb1-c55ea8abd0bc}</UniqueIdentifier>
    </Filter>
    <Filter Include="ヘッダー ファイル\Attack">
      <UniqueIdentifier>{11523f04-4230-46cc-9f41-f21cd36723b8}</UniqueIdentifier>
    </Filter>
    <Filter Include="ヘッダー ファイル\Background">
      <UniqueIdentifier>{5d2ad308-fb4e-4b71-98b9-c6f3a20457b4}</UniqueIdentifier>
    </Filter>
    <Filter Include="ヘッダー ファイル\Character">
      <UniqueIdentifier>{b4e42c87-fe3f-457a-a19b-37dbd7fde835}</UniqueIdentifier>
    </Filter>
    <Filter Include="ヘッダー ファイル\Effect">
      <UniqueIdentifier>{ba466797-7e23-4b94-bf35-13d3600120f6}</UniqueIdentifier>
    </Filter>
    <Filter Include="ヘッダー ファイル\Mode">
      <UniqueIdentifier>{834f23f9-20e6-482c-a7cd-c9e793e7986d}</UniqueIdentifier>
    </Filter>
    <Filter Include="ソース ファイル\User Interface">
      <UniqueIdentifier>{029f7ff2-75dc-462e-9cd4-8dbe6d06a2b9}</UniqueIdentifier>
    </Filter>
    <Filter Include="ヘッダー ファイル\User Interface">
      <UniqueIdentifier>{2bfceef7-dc80-4019-a749-470ce33d88ec}</UniqueIdentifier>
    </Filter>
    <Filter Include="ソース ファイル\Ranking">
      <UniqueIdentifier>{5a578d38-d60c-45d5-9fc1-26fca5db1eaa}</UniqueIdentifier>
    </Filter>
    <Filter Include="ヘッダー ファイル\Ranking">
      <UniqueIdentifier>{f9760f0d-88f4-4a04-bcca-a30c93d6303e}</UniqueIdentifier>
    </Filter>
  </ItemGroup>
  <ItemGroup>
    <ClCompile Include="fade.cpp">
      <Filter>ソース ファイル</Filter>
    </ClCompile>
    <ClCompile Include="main.cpp">
      <Filter>ソース ファイル</Filter>
    </ClCompile>
    <ClCompile Include="camera.cpp">
      <Filter>ソース ファイル</Filter>
    </ClCompile>
    <ClCompile Include="chunk.cpp">
      <Filter>ソース ファイル</Filter>
    </ClCompile>
    <ClCompile Include="polygon.cpp">
      <Filter>ソース ファイル</Filter>
    </ClCompile>
    <ClCompile Include="sound.cpp">
      <Filter>ソース ファイル</Filter>
    </ClCompile>
    <ClCompile Include="input.cpp">
      <Filter>ソース ファイル</Filter>
    </ClCompile>
    <ClCompile Include="text.cpp">
      <Filter>ソース ファイル</Filter>
    </ClCompile>
    <ClCompile Include="setting.cpp">
      <Filter>ソース ファイル</Filter>
    </ClCompile>
    <ClCompile Include="physics.cpp">
      <Filter>ソース ファイル</Filter>
    </ClCompile>
    <ClCompile Include="atk_bullet_00.cpp">
      <Filter>ソース ファイル\Attack</Filter>
    </ClCompile>
    <ClCompile Include="atk_explosion_00.cpp">
      <Filter>ソース ファイル\Attack</Filter>
    </ClCompile>
    <ClCompile Include="bg_color.cpp">
      <Filter>ソース ファイル\Background</Filter>
    </ClCompile>
    <ClCompile Include="ground.cpp">
      <Filter>ソース ファイル\Background</Filter>
    </ClCompile>
    <ClCompile Include="chr_enemy_00.cpp">
      <Filter>ソース ファイル\Character</Filter>
    </ClCompile>
    <ClCompile Include="eff_general_00.cpp">
      <Filter>ソース ファイル\Effect</Filter>
    </ClCompile>
    <ClCompile Include="eff_light_00.cpp">
      <Filter>ソース ファイル\Effect</Filter>
    </ClCompile>
    <ClCompile Include="eff_particle_00.cpp">
      <Filter>ソース ファイル\Effect</Filter>
    </ClCompile>
    <ClCompile Include="md_game_00.cpp">
      <Filter>ソース ファイル\Mode</Filter>
    </ClCompile>
    <ClCompile Include="title.cpp">
      <Filter>ソース ファイル\Mode</Filter>
    </ClCompile>
    <ClCompile Include="player.cpp">
      <Filter>ソース ファイル\Character</Filter>
    </ClCompile>
    <ClCompile Include="bg.cpp">
      <Filter>ソース ファイル\Background</Filter>
    </ClCompile>
    <ClCompile Include="life.cpp">
      <Filter>ソース ファイル\User Interface</Filter>
    </ClCompile>
    <ClCompile Include="ranking.cpp">
      <Filter>ソース ファイル\Ranking</Filter>
    </ClCompile>
    <ClCompile Include="result.cpp">
      <Filter>ソース ファイル\Ranking</Filter>
    </ClCompile>
    <ClCompile Include="score.cpp">
      <Filter>ソース ファイル\Ranking</Filter>
    </ClCompile>
    <ClCompile Include="cloud.cpp">
      <Filter>ソース ファイル</Filter>
    </ClCompile>
    <ClCompile Include="ui_frame_02.cpp">
      <Filter>ソース ファイル</Filter>
    </ClCompile>
    <ClCompile Include="combo.cpp">
      <Filter>ソース ファイル\User Interface</Filter>
    </ClCompile>
  </ItemGroup>
  <ItemGroup>
    <ClInclude Include="fade.h">
      <Filter>ヘッダー ファイル</Filter>
    </ClInclude>
    <ClInclude Include="main.h">
      <Filter>ヘッダー ファイル</Filter>
    </ClInclude>
    <ClInclude Include="camera.h">
      <Filter>ヘッダー ファイル</Filter>
    </ClInclude>
    <ClInclude Include="chunk.h">
      <Filter>ヘッダー ファイル</Filter>
    </ClInclude>
    <ClInclude Include="polygon.h">
      <Filter>ヘッダー ファイル</Filter>
    </ClInclude>
    <ClInclude Include="sound.h">
      <Filter>ヘッダー ファイル</Filter>
    </ClInclude>
    <ClInclude Include="input.h">
      <Filter>ヘッダー ファイル</Filter>
    </ClInclude>
    <ClInclude Include="text.h">
      <Filter>ヘッダー ファイル</Filter>
    </ClInclude>
    <ClInclude Include="setting.h">
      <Filter>ヘッダー ファイル</Filter>
    </ClInclude>
    <ClInclude Include="physics.h">
      <Filter>ヘッダー ファイル</Filter>
    </ClInclude>
    <ClInclude Include="atk_bullet_00.h">
      <Filter>ヘッダー ファイル\Attack</Filter>
    </ClInclude>
    <ClInclude Include="atk_explosion_00.h">
      <Filter>ヘッダー ファイル\Attack</Filter>
    </ClInclude>
    <ClInclude Include="attack.h">
      <Filter>ヘッダー ファイル\Attack</Filter>
    </ClInclude>
    <ClInclude Include="bg_color.h">
      <Filter>ヘッダー ファイル\Background</Filter>
    </ClInclude>
    <ClInclude Include="ground.h">
      <Filter>ヘッダー ファイル\Background</Filter>
    </ClInclude>
    <ClInclude Include="chr_enemy_00.h">
      <Filter>ヘッダー ファイル\Character</Filter>
    </ClInclude>
    <ClInclude Include="eff_general_00.h">
      <Filter>ヘッダー ファイル\Effect</Filter>
    </ClInclude>
    <ClInclude Include="eff_light_00.h">
      <Filter>ヘッダー ファイル\Effect</Filter>
    </ClInclude>
    <ClInclude Include="eff_particle_00.h">
      <Filter>ヘッダー ファイル\Effect</Filter>
    </ClInclude>
    <ClInclude Include="md_game_00.h">
      <Filter>ヘッダー ファイル\Mode</Filter>
    </ClInclude>
    <ClInclude Include="title.h">
      <Filter>ヘッダー ファイル\Mode</Filter>
    </ClInclude>
    <ClInclude Include="player.h">
      <Filter>ヘッダー ファイル\Character</Filter>
    </ClInclude>
    <ClInclude Include="bg.h">
      <Filter>ヘッダー ファイル\Background</Filter>
    </ClInclude>
    <ClInclude Include="life.h">
      <Filter>ヘッダー ファイル\User Interface</Filter>
    </ClInclude>
    <ClInclude Include="ranking.h">
      <Filter>ヘッダー ファイル\Ranking</Filter>
    </ClInclude>
    <ClInclude Include="result.h">
      <Filter>ヘッダー ファイル\Ranking</Filter>
    </ClInclude>
    <ClInclude Include="score.h">
      <Filter>ヘッダー ファイル\Ranking</Filter>
    </ClInclude>
    <ClInclude Include="cloud.h">
      <Filter>ヘッダー ファイル</Filter>
    </ClInclude>
    <ClInclude Include="ui_frame_02.h">
      <Filter>ヘッダー ファイル</Filter>
    </ClInclude>
    <ClInclude Include="combo.h">
      <Filter>ヘッダー ファイル\User Interface</Filter>
    </ClInclude>
  </ItemGroup>
</Project>